DEPENDENCIES
  bigbluebutton
    git: https://github.com/mconf-cookbooks/bigbluebutton
    revision: db3ef90813efb5c61828872fd9497ca6f6434e6d
  ffmpeg
    git: https://github.com/mconf-cookbooks/ffmpeg
    revision: 989a9ac63b6b1788347357bbb5c3bc87232dd112
    ref: enable-
  libvpx
    git: https://github.com/mconf-cookbooks/libvpx
    revision: 35bd0fbadf56d811c58fa1fba57ceb1d8cd6409a
    ref: fix-ubu
  mconf-live
    git: https://github.com/mconf-cookbooks/mconf-live
    revision: a094259e5eb9ccb4870bbd8ae5fc946dd9cd87a5
  mconf-utils
    git: https://github.com/mconf-cookbooks/mconf-utils
    revision: 8169c1243c6b97d7ee76caaf56e082cc07ff276e
  reboot-handler
    git: https://github.com/mconf-cookbooks/reboot-handler
    revision: 0c952a3ba3d43e3030ef8ece26b477f591d4314f
    ref: mconf
  yasm (= 1.0.0)

GRAPH
  apt (2.7.0)
  bigbluebutton (1.0.1)
    apt (>= 0.0.0)
    ffmpeg (>= 0.0.0)
    libvpx (>= 0.0.0)
    logrotate (>= 0.0.0)
  build-essential (2.2.3)
  chef_handler (1.2.0)
  cron (1.6.1)
  dmg (2.2.2)
  ffmpeg (0.4.4)
    build-essential (>= 0.0.0)
    git (>= 0.0.0)
    libvpx (>= 0.0.0)
    x264 (>= 0.0.0)
    yasm (>= 0.0.0)
  git (4.3.3)
    build-essential (>= 0.0.0)
    dmg (>= 0.0.0)
    windows (>= 0.0.0)
    yum-epel (>= 0.0.0)
  libvpx (1.1.0)
    build-essential (>= 0.0.0)
    git (>= 0.0.0)
    yasm (>= 0.0.0)
  logrotate (1.9.2)
  mconf-live (1.0.1)
    bigbluebutton (>= 0.0.0)
  mconf-utils (0.1.1)
    cron (>= 0.0.0)
    logrotate (>= 0.0.0)
    sudo (~> 2.7)
  reboot-handler (1.0.0)
    chef_handler (>= 0.0.0)
  sudo (2.7.2)
  windows (1.38.1)
    chef_handler (>= 0.0.0)
  x264 (0.5.1)
    build-essential (>= 0.0.0)
    git (>= 0.0.0)
    yasm (>= 0.0.0)
  yasm (1.0.0)
    build-essential (>= 0.0.0)
    git (>= 0.0.0)
  yum (3.6.3)
  yum-epel (0.6.2)
    yum (~> 3.2)
